
Microsoft Visual Studio Solution File, Format Version 12.00
# Visual Studio Version 16
VisualStudioVersion = 16.0.30128.74
MinimumVisualStudioVersion = 10.0.40219.1
Project("{FAE04EC0-301F-11D3-BF4B-00C04F79EFBC}") = "BD", "BD\BD.csproj", "{40E1626C-E426-45E9-AE7F-E3EBF0566702}"
EndProject
Project("{FAE04EC0-301F-11D3-BF4B-00C04F79EFBC}") = "Metodo", "Metodo\Metodo.csproj", "{D7BD1C2C-0CCA-4C63-B469-2D18A6F92FAF}"
EndProject
Project("{FAE04EC0-301F-11D3-BF4B-00C04F79EFBC}") = "Presentacion", "Presentacion\Presentacion.csproj", "{01E7A3E8-7FA2-45CD-8422-CB2C54E6244A}"
EndProject
Global
	GlobalSection(SolutionConfigurationPlatforms) = preSolution
		Debug|Any CPU = Debug|Any CPU
		Release|Any CPU = Release|Any CPU
	EndGlobalSection
	GlobalSection(ProjectConfigurationPlatforms) = postSolution
		{40E1626C-E426-45E9-AE7F-E3EBF0566702}.Debug|Any CPU.ActiveCfg = Debug|Any CPU
		{40E1626C-E426-45E9-AE7F-E3EBF0566702}.Debug|Any CPU.Build.0 = Debug|Any CPU
		{40E1626C-E426-45E9-AE7F-E3EBF0566702}.Release|Any CPU.ActiveCfg = Release|Any CPU
		{40E1626C-E426-45E9-AE7F-E3EBF0566702}.Release|Any CPU.Build.0 = Release|Any CPU
		{D7BD1C2C-0CCA-4C63-B469-2D18A6F92FAF}.Debug|Any CPU.ActiveCfg = Debug|Any CPU
		{D7BD1C2C-0CCA-4C63-B469-2D18A6F92FAF}.Debug|Any CPU.Build.0 = Debug|Any CPU
		{D7BD1C2C-0CCA-4C63-B469-2D18A6F92FAF}.Release|Any CPU.ActiveCfg = Release|Any CPU
		{D7BD1C2C-0CCA-4C63-B469-2D18A6F92FAF}.Release|Any CPU.Build.0 = Release|Any CPU
		{01E7A3E8-7FA2-45CD-8422-CB2C54E6244A}.Debug|Any CPU.ActiveCfg = Debug|Any CPU
		{01E7A3E8-7FA2-45CD-8422-CB2C54E6244A}.Debug|Any CPU.Build.0 = Debug|Any CPU
		{01E7A3E8-7FA2-45CD-8422-CB2C54E6244A}.Release|Any CPU.ActiveCfg = Release|Any CPU
		{01E7A3E8-7FA2-45CD-8422-CB2C54E6244A}.Release|Any CPU.Build.0 = Release|Any CPU
	EndGlobalSection
	GlobalSection(SolutionProperties) = preSolution
		HideSolutionNode = FALSE
	EndGlobalSection
	GlobalSection(ExtensibilityGlobals) = postSolution
		SolutionGuid = {F6CAF95A-FA36-432E-B3B2-F21C98EFA54A}
	EndGlobalSection
EndGlobal
